github.com/dmwm/cmsauth v0.0.0-20210801171713-57cb9b909db0 h1:IVs/XVvy/5QDNi6Hl6bEVq/At1kxfUCPh8JOgoNYgU4=
github.com/dmwm/cmsauth v0.0.0-20210801171713-57cb9b909db0/go.mod h1:+ybphq48TVfrBjWKn7QZFsweZZlHI/m7QlfWMrgRiPY=
github.com/dmwm/cmsauth v0.0.0-20210802115144-6a4971fa8b26 h1:s7uZ2RPh+/jPvo7zhIPJGS+4Dz0vRgX+R0/Wj7eLp7U=
github.com/dmwm/cmsauth v0.0.0-20210802115144-6a4971fa8b26/go.mod h1:TC1wDcaqoLxdESgkWahbggwrhuqLBEn9TnOyfVjGeOE=
github.com/vkuznet/x509proxy v0.0.0-20191014143623-163039704c67 h1:7s/FGCnCgfaJxmyeE+k18s5Bpx1TIrss4sMesjqRJsI=
github.com/vkuznet/x509proxy v0.0.0-20191014143623-163039704c67/go.mod h1:n8gnqWgHpPWW+DyA66Zam8qQshAmDxVVmSmObyR6M8g=
github.com/vkuznet/x509proxy v0.0.0-20210801171832-e47b94db99b6 h1:Y5LCuH9nfTZ6srI5NaoKKbcDb01zqTHw8678++4fw0c=
github.com/vkuznet/x509proxy v0.0.0-20210801171832-e47b94db99b6/go.mod h1:gfEPE3azFe+K/nMLezta3+kTiumttEYDawGAE72IYfM=
