github.com/dmwm/cmsauth v0.0.0-20210719153116-ae60676e374b h1:pcY4985auxBBhSy8htynwOdSVa0/5h2zV7MO8n6AZ9U=
github.com/dmwm/cmsauth v0.0.0-20210719153116-ae60676e374b/go.mod h1:+ybphq48TVfrBjWKn7QZFsweZZlHI/m7QlfWMrgRiPY=
github.com/vkuznet/x509proxy v0.0.0-20191014143623-163039704c67 h1:7s/FGCnCgfaJxmyeE+k18s5Bpx1TIrss4sMesjqRJsI=
github.com/vkuznet/x509proxy v0.0.0-20191014143623-163039704c67/go.mod h1:n8gnqWgHpPWW+DyA66Zam8qQshAmDxVVmSmObyR6M8g=
