github.com/davecgh/go-spew v1.1.0 h1:ZDRjVQ15GmhC3fiQ8ni8+OwkZQO4DARzQgrnXU1Liz8=
github.com/davecgh/go-spew v1.1.0/go.mod h1:J7Y8YcW2NihsgmVo/mv3lAwl/skON4iLHjSsI+c5H38=
github.com/dmwm/cmsauth v0.0.0-20220115122544-c7e15a1986c1 h1:IDKArMrMWavDPV8Cy4TPl84jyzDyj+kUEIxSDiCL8uo=
github.com/dmwm/cmsauth v0.0.0-20220115122544-c7e15a1986c1/go.mod h1:srkPo6iPp6d/T+/ZprqYBFXl/B6fF5ejjNuyP7CT39s=
github.com/dmwm/cmsauth v0.0.0-20220120183156-5495692d4ca7 h1:WyafcR16VfLiLA7LxjqnO2mxzzhukKtkW4Ts2Gcvw5Q=
github.com/dmwm/cmsauth v0.0.0-20220120183156-5495692d4ca7/go.mod h1:srkPo6iPp6d/T+/ZprqYBFXl/B6fF5ejjNuyP7CT39s=
github.com/pmezard/go-difflib v1.0.0 h1:4DBwDE0NGyQoBHbLQYPwSUPoCMWR5BEzIk/f1lZbAQM=
github.com/pmezard/go-difflib v1.0.0/go.mod h1:iKH77koFhYxTK1pcRnkKkqfTogsbg7gZNVY4sRDYZ/4=
github.com/stretchr/objx v0.1.0/go.mod h1:HFkY916IF+rwdDfMAkV7OtwuqBVzrE8GR6GFx+wExME=
github.com/stretchr/testify v1.7.0 h1:nwc3DEeHmmLAfoZucVR881uASk0Mfjw8xYJ99tb5CcY=
github.com/stretchr/testify v1.7.0/go.mod h1:6Fq8oRcR53rry900zMqJjRRixrwX3KX962/h/Wwjteg=
github.com/vkuznet/x509proxy v0.0.0-20210801171832-e47b94db99b6 h1:Y5LCuH9nfTZ6srI5NaoKKbcDb01zqTHw8678++4fw0c=
github.com/vkuznet/x509proxy v0.0.0-20210801171832-e47b94db99b6/go.mod h1:gfEPE3azFe+K/nMLezta3+kTiumttEYDawGAE72IYfM=
gopkg.in/check.v1 v0.0.0-20161208181325-20d25e280405/go.mod h1:Co6ibVJAznAaIkqp8huTwlJQCZ016jof/cbN4VW5Yz0=
gopkg.in/yaml.v3 v3.0.0-20200313102051-9f266ea9e77c h1:dUUwHk2QECo/6vqA44rthZ8ie2QXMNeKRTHCNY2nXvo=
gopkg.in/yaml.v3 v3.0.0-20200313102051-9f266ea9e77c/go.mod h1:K4uyk7z7BCEPqu6E+C64Yfv1cQ7kz7rIZviUmN+EgEM=
